
Microsoft Visual Studio Solution File, Format Version 12.00
# Visual Studio Version 16
VisualStudioVersion = 16.0.32929.386
MinimumVisualStudioVersion = 10.0.40219.1
Project("{FAE04EC0-301F-11D3-BF4B-00C04F79EFBC}") = "WpfApp1", "WpfApp1\WpfApp1.csproj", "{2389D290-E16C-430C-8EDD-6FF9BBFCF3FC}"
EndProject
Project("{FAE04EC0-301F-11D3-BF4B-00C04F79EFBC}") = "WpfApp2", "WpfApp2\WpfApp2.csproj", "{28C6FE56-A20E-4FC6-B043-7AC006DBB53D}"
EndProject
Global
	GlobalSection(SolutionConfigurationPlatforms) = preSolution
		Debug|Any CPU = Debug|Any CPU
		Release|Any CPU = Release|Any CPU
	EndGlobalSection
	GlobalSection(ProjectConfigurationPlatforms) = postSolution
		{2389D290-E16C-430C-8EDD-6FF9BBFCF3FC}.Debug|Any CPU.ActiveCfg = Debug|Any CPU
		{2389D290-E16C-430C-8EDD-6FF9BBFCF3FC}.Debug|Any CPU.Build.0 = Debug|Any CPU
		{2389D290-E16C-430C-8EDD-6FF9BBFCF3FC}.Release|Any CPU.ActiveCfg = Release|Any CPU
		{2389D290-E16C-430C-8EDD-6FF9BBFCF3FC}.Release|Any CPU.Build.0 = Release|Any CPU
		{28C6FE56-A20E-4FC6-B043-7AC006DBB53D}.Debug|Any CPU.ActiveCfg = Debug|Any CPU
		{28C6FE56-A20E-4FC6-B043-7AC006DBB53D}.Debug|Any CPU.Build.0 = Debug|Any CPU
		{28C6FE56-A20E-4FC6-B043-7AC006DBB53D}.Release|Any CPU.ActiveCfg = Release|Any CPU
		{28C6FE56-A20E-4FC6-B043-7AC006DBB53D}.Release|Any CPU.Build.0 = Release|Any CPU
	EndGlobalSection
	GlobalSection(SolutionProperties) = preSolution
		HideSolutionNode = FALSE
	EndGlobalSection
	GlobalSection(ExtensibilityGlobals) = postSolution
		SolutionGuid = {67AD2D40-759D-4769-99A5-415D759D8DBD}
	EndGlobalSection
EndGlobal
